# THIS IS AN AUTOGENERATED FILE. DO NOT EDIT THIS FILE DIRECTLY.
# yarn lockfile v1


"@minna-ui/utils@0.36.0":
  version "0.36.0"
  resolved "https://registry.yarnpkg.com/@minna-ui/utils/-/utils-0.36.0.tgz#faea4ddacace4b16ebfac22a0eaca2c3c6d6278a"
  integrity sha512-0wkG7A6eyT6cTxSm+Z9PE/4V0wlVUbIZD0ogbbQ48bNkK5lYUAEpj/k6wxEwYyX/566gFedR5xjRafifwcUCNA==

"@types/chrome@0.0.133":
  version "0.0.133"
  resolved "https://registry.yarnpkg.com/@types/chrome/-/chrome-0.0.133.tgz#9e1d55441584ba2d5274ca84db36427da9c5dc6e"
  integrity sha512-G8uIUdaCTBILprQvQXBWGXZxjAWbkCkFQit17cdH3zYQEwU8f/etNl8+M7e8MRz9Xj8daHaVpysneMZMx8/ldQ==
  dependencies:
    "@types/filesystem" "*"
    "@types/har-format" "*"

"@types/filesystem@*":
  version "0.0.29"
  resolved "https://registry.yarnpkg.com/@types/filesystem/-/filesystem-0.0.29.tgz#ee3748eb5be140dcf980c3bd35f11aec5f7a3748"
  integrity sha512-85/1KfRedmfPGsbK8YzeaQUyV1FQAvMPMTuWFQ5EkLd2w7szhNO96bk3Rh/SKmOfd9co2rCLf0Voy4o7ECBOvw==
  dependencies:
    "@types/filewriter" "*"

"@types/filewriter@*":
  version "0.0.28"
  resolved "https://registry.yarnpkg.com/@types/filewriter/-/filewriter-0.0.28.tgz#c054e8af4d9dd75db4e63abc76f885168714d4b3"
  integrity sha1-wFTor02d11205jq8dviFFocU1LM=

"@types/har-format@*":
  version "1.2.5"
  resolved "https://registry.yarnpkg.com/@types/har-format/-/har-format-1.2.5.tgz#4f6648814d0fdcb6a510e3364a9db439a753c4b1"
  integrity sha512-IG8AE1m2pWtPqQ7wXhFhy6Q59bwwnLwO36v5Rit2FrbXCIp8Sk8E2PfUCreyrdo17STwFSKDAkitVuVYbpEHvQ==

"@wearegenki/renovate-config@1.0.0":
  version "1.0.0"
  resolved "https://registry.yarnpkg.com/@wearegenki/renovate-config/-/renovate-config-1.0.0.tgz#3b2665c76d978a0a56a76093b2657f0c4579bf7b"
  integrity sha512-gAZGXBe9VJ4/H7Oj75//HSLVrPZv1gp06CaZJGpzpDYfWL3MgQzQlzGFn28I9FS7jYahC1zfadL+GuHua3evVQ==

esbuild@0.8.56:
  version "0.8.56"
  resolved "https://registry.yarnpkg.com/esbuild/-/esbuild-0.8.56.tgz#9c7c3d6e614db7367afa348adb0ab287c296735e"
  integrity sha512-PTMdAWK3JI2MNW811znGssGP5GR44tQPr++VQ1rPP0n8Z1cTKbCPD3S/kXPLr3ZZDIwAaVm08fuFym6Rp8l/0A==

prettier@2.2.1:
  version "2.2.1"
  resolved "https://registry.yarnpkg.com/prettier/-/prettier-2.2.1.tgz#795a1a78dd52f073da0cd42b21f9c91381923ff5"
  integrity sha512-PqyhM2yCjg/oKkFPtTGUojv7gnZAoG80ttl45O6x2Ug/rMJw4wcc9k6aaf2hibP7BGVCCM33gZoGjyvt9mm16Q==

stage0@0.0.25:
  version "0.0.25"
  resolved "https://registry.yarnpkg.com/stage0/-/stage0-0.0.25.tgz#9c701732c79a7eaf584083b293224069325b80da"
  integrity sha512-3PPjCh3ocSPJ/sJUPIgluWHKgcgG94hBaN2olDQ1HvyWQOsnZ26pAIxzqB92PZDe0MgvG4O1heLgORP+eP+0og==

"xxcss@link:../xxcss/packages/xxcss":
  version "0.0.0"
